
Microsoft Visual Studio Solution File, Format Version 12.00
# Visual Studio 15
VisualStudioVersion = 15.0.28010.2041
MinimumVisualStudioVersion = 10.0.40219.1
Project("{FAE04EC0-301F-11D3-BF4B-00C04F79EFBC}") = "Input", "Input\Input.csproj", "{3A7C0E92-72EC-4639-B93E-ACE6FA8EDF20}"
EndProject
Project("{FAE04EC0-301F-11D3-BF4B-00C04F79EFBC}") = "Utilities", "Utilities\Utilities.csproj", "{6D415487-5120-4FD7-8ABD-968EE567AC22}"
EndProject
Project("{FAE04EC0-301F-11D3-BF4B-00C04F79EFBC}") = "Output", "Output\Output.csproj", "{8BCB806D-CA45-42CB-9AC2-08551F913380}"
EndProject
Global
	GlobalSection(SolutionConfigurationPlatforms) = preSolution
		Debug|Any CPU = Debug|Any CPU
		Release|Any CPU = Release|Any CPU
	EndGlobalSection
	GlobalSection(ProjectConfigurationPlatforms) = postSolution
		{3A7C0E92-72EC-4639-B93E-ACE6FA8EDF20}.Debug|Any CPU.ActiveCfg = Debug|Any CPU
		{3A7C0E92-72EC-4639-B93E-ACE6FA8EDF20}.Debug|Any CPU.Build.0 = Debug|Any CPU
		{3A7C0E92-72EC-4639-B93E-ACE6FA8EDF20}.Release|Any CPU.ActiveCfg = Release|Any CPU
		{3A7C0E92-72EC-4639-B93E-ACE6FA8EDF20}.Release|Any CPU.Build.0 = Release|Any CPU
		{6D415487-5120-4FD7-8ABD-968EE567AC22}.Debug|Any CPU.ActiveCfg = Debug|Any CPU
		{6D415487-5120-4FD7-8ABD-968EE567AC22}.Debug|Any CPU.Build.0 = Debug|Any CPU
		{6D415487-5120-4FD7-8ABD-968EE567AC22}.Release|Any CPU.ActiveCfg = Release|Any CPU
		{6D415487-5120-4FD7-8ABD-968EE567AC22}.Release|Any CPU.Build.0 = Release|Any CPU
		{8BCB806D-CA45-42CB-9AC2-08551F913380}.Debug|Any CPU.ActiveCfg = Debug|Any CPU
		{8BCB806D-CA45-42CB-9AC2-08551F913380}.Debug|Any CPU.Build.0 = Debug|Any CPU
		{8BCB806D-CA45-42CB-9AC2-08551F913380}.Release|Any CPU.ActiveCfg = Release|Any CPU
		{8BCB806D-CA45-42CB-9AC2-08551F913380}.Release|Any CPU.Build.0 = Release|Any CPU
	EndGlobalSection
	GlobalSection(SolutionProperties) = preSolution
		HideSolutionNode = FALSE
	EndGlobalSection
	GlobalSection(ExtensibilityGlobals) = postSolution
		SolutionGuid = {75DE15E7-9EE7-43FC-A14C-F872F4FA28C2}
	EndGlobalSection
EndGlobal
